# generated by rye
# use `rye lock` or `rye sync` to update this lockfile
#
# last locked with the following flags:
#   pre: false
#   features: []
#   all-features: false
#   with-sources: false

-e file:.
backports-zoneinfo==0.2.1
    # via psycopg
certifi==2024.2.2
    # via requests
charset-normalizer==3.3.2
    # via requests
dnspython==2.6.1
    # via pymongo
docker==7.0.0
    # via pytest-docker-network-fixtures
exceptiongroup==1.2.0
    # via pytest
idna==3.6
    # via requests
iniconfig==2.0.0
    # via pytest
packaging==23.2
    # via docker
    # via pytest
pluggy==1.4.0
    # via pytest
psycopg==3.1.18
    # via psycopg
psycopg-binary==3.1.18
    # via psycopg
pymongo==4.6.2
pymssql==2.2.11
pytest==8.0.2
    # via pytest-docker-network-fixtures
pyyaml==6.0.1
    # via pytest-docker-network-fixtures
requests==2.31.0
    # via docker
    # via pytest-docker-network-fixtures
    # via requests-toolbelt
requests-toolbelt==1.0.0
    # via pytest-docker-network-fixtures
tomli==2.0.1
    # via pytest
typing-extensions==4.10.0
    # via psycopg
urllib3==2.2.1
    # via docker
    # via requests
